
Microsoft Visual Studio Solution File, Format Version 12.00
# Visual Studio Version 17
VisualStudioVersion = 17.9.34714.143
MinimumVisualStudioVersion = 10.0.40219.1
Project("{9A19103F-16F7-4668-BE54-9A1E7A4F7556}") = "ConsoleApp59", "ConsoleApp59\ConsoleApp59.csproj", "{CE0D485E-7325-4E46-9099-789BA7AFA536}"
EndProject
Project("{9A19103F-16F7-4668-BE54-9A1E7A4F7556}") = "TestProject1", "TestProject1\TestProject1.csproj", "{6D21B476-2EC9-4D68-B9DE-A8B22A87F262}"
EndProject
Project("{9A19103F-16F7-4668-BE54-9A1E7A4F7556}") = "BlazorApp1", "BlazorApp1\BlazorApp1.csproj", "{4A2850F9-8244-418B-9444-166B9AADB1CF}"
EndProject
Project("{F184B08F-C81C-45F6-A57F-5ABD9991F28F}") = "VB", "VB\VB.vbproj", "{BFEA5BD9-F95C-4DE2-86E8-011FE095F944}"
EndProject
Project("{9A19103F-16F7-4668-BE54-9A1E7A4F7556}") = "WpfApp1", "WpfApp1\WpfApp1.csproj", "{DB3697AE-4250-461C-AD2A-87CB6084D34D}"
EndProject
Project("{FAE04EC0-301F-11D3-BF4B-00C04F79EFBC}") = "ConsoleApp_Framework", "ConsoleApp_Framework\ConsoleApp_Framework.csproj", "{60AC7420-0297-4EB2-B944-567944999065}"
EndProject
Project("{FAE04EC0-301F-11D3-BF4B-00C04F79EFBC}") = "Lib_Framework", "Lib_Framework\Lib_Framework.csproj", "{2B3A4346-F33F-4E84-AA4B-B8644DBABBB0}"
EndProject
Project("{9A19103F-16F7-4668-BE54-9A1E7A4F7556}") = "Lib_Core", "Lib_Core\Lib_Core.csproj", "{B2525B7C-770C-46C3-9758-94A0B3649CE0}"
EndProject
Project("{8BC9CEB8-8B4A-11D0-8D11-00A0C91BC942}") = "Cpp", "Cpp\Cpp.vcxproj", "{86B94D4D-37DF-4712-963E-0E9B2FE8F849}"
EndProject
Project("{9A19103F-16F7-4668-BE54-9A1E7A4F7556}") = "WebApplication1", "WebApplication1\WebApplication1.csproj", "{03243BF8-85FA-4896-91EC-AA60A6DE5879}"
EndProject
Project("{6EC3EE1D-3C4E-46DD-8F32-0CC8E7565705}") = "ConsoleApp1", "ConsoleApp1\ConsoleApp1.fsproj", "{1EB6227B-A65D-4A30-BEDA-07CEE7EEA2DB}"
EndProject
Project("{8BC9CEB8-8B4A-11D0-8D11-00A0C91BC942}") = "CLR_Console", "CLR_Console\CLR_Console.vcxproj", "{D1E6F34B-93DB-434F-B895-F9DB4D3EBBB5}"
EndProject
Project("{FAE04EC0-301F-11D3-BF4B-00C04F79EFBC}") = "UseClr", "UseClr\UseClr.csproj", "{6AD94DB8-0A7E-4921-ABB4-D0370E9B51D8}"
EndProject
Project("{8BC9CEB8-8B4A-11D0-8D11-00A0C91BC942}") = "CLR_Lib", "CLR_Lib\CLR_Lib.vcxproj", "{678B3D14-D82A-4B6E-B612-D712A0C21100}"
EndProject
Global
	GlobalSection(SolutionConfigurationPlatforms) = preSolution
		Debug|Any CPU = Debug|Any CPU
		Debug|x64 = Debug|x64
		Debug|x86 = Debug|x86
		Release|Any CPU = Release|Any CPU
		Release|x64 = Release|x64
		Release|x86 = Release|x86
	EndGlobalSection
	GlobalSection(ProjectConfigurationPlatforms) = postSolution
		{CE0D485E-7325-4E46-9099-789BA7AFA536}.Debug|Any CPU.ActiveCfg = Debug|Any CPU
		{CE0D485E-7325-4E46-9099-789BA7AFA536}.Debug|Any CPU.Build.0 = Debug|Any CPU
		{CE0D485E-7325-4E46-9099-789BA7AFA536}.Debug|x64.ActiveCfg = Debug|Any CPU
		{CE0D485E-7325-4E46-9099-789BA7AFA536}.Debug|x64.Build.0 = Debug|Any CPU
		{CE0D485E-7325-4E46-9099-789BA7AFA536}.Debug|x86.ActiveCfg = Debug|Any CPU
		{CE0D485E-7325-4E46-9099-789BA7AFA536}.Debug|x86.Build.0 = Debug|Any CPU
		{CE0D485E-7325-4E46-9099-789BA7AFA536}.Release|Any CPU.ActiveCfg = Release|Any CPU
		{CE0D485E-7325-4E46-9099-789BA7AFA536}.Release|Any CPU.Build.0 = Release|Any CPU
		{CE0D485E-7325-4E46-9099-789BA7AFA536}.Release|x64.ActiveCfg = Release|Any CPU
		{CE0D485E-7325-4E46-9099-789BA7AFA536}.Release|x64.Build.0 = Release|Any CPU
		{CE0D485E-7325-4E46-9099-789BA7AFA536}.Release|x86.ActiveCfg = Release|Any CPU
		{CE0D485E-7325-4E46-9099-789BA7AFA536}.Release|x86.Build.0 = Release|Any CPU
		{6D21B476-2EC9-4D68-B9DE-A8B22A87F262}.Debug|Any CPU.ActiveCfg = Debug|Any CPU
		{6D21B476-2EC9-4D68-B9DE-A8B22A87F262}.Debug|Any CPU.Build.0 = Debug|Any CPU
		{6D21B476-2EC9-4D68-B9DE-A8B22A87F262}.Debug|x64.ActiveCfg = Debug|Any CPU
		{6D21B476-2EC9-4D68-B9DE-A8B22A87F262}.Debug|x64.Build.0 = Debug|Any CPU
		{6D21B476-2EC9-4D68-B9DE-A8B22A87F262}.Debug|x86.ActiveCfg = Debug|Any CPU
		{6D21B476-2EC9-4D68-B9DE-A8B22A87F262}.Debug|x86.Build.0 = Debug|Any CPU
		{6D21B476-2EC9-4D68-B9DE-A8B22A87F262}.Release|Any CPU.ActiveCfg = Release|Any CPU
		{6D21B476-2EC9-4D68-B9DE-A8B22A87F262}.Release|Any CPU.Build.0 = Release|Any CPU
		{6D21B476-2EC9-4D68-B9DE-A8B22A87F262}.Release|x64.ActiveCfg = Release|Any CPU
		{6D21B476-2EC9-4D68-B9DE-A8B22A87F262}.Release|x64.Build.0 = Release|Any CPU
		{6D21B476-2EC9-4D68-B9DE-A8B22A87F262}.Release|x86.ActiveCfg = Release|Any CPU
		{6D21B476-2EC9-4D68-B9DE-A8B22A87F262}.Release|x86.Build.0 = Release|Any CPU
		{4A2850F9-8244-418B-9444-166B9AADB1CF}.Debug|Any CPU.ActiveCfg = Debug|Any CPU
		{4A2850F9-8244-418B-9444-166B9AADB1CF}.Debug|Any CPU.Build.0 = Debug|Any CPU
		{4A2850F9-8244-418B-9444-166B9AADB1CF}.Debug|x64.ActiveCfg = Debug|Any CPU
		{4A2850F9-8244-418B-9444-166B9AADB1CF}.Debug|x64.Build.0 = Debug|Any CPU
		{4A2850F9-8244-418B-9444-166B9AADB1CF}.Debug|x86.ActiveCfg = Debug|Any CPU
		{4A2850F9-8244-418B-9444-166B9AADB1CF}.Debug|x86.Build.0 = Debug|Any CPU
		{4A2850F9-8244-418B-9444-166B9AADB1CF}.Release|Any CPU.ActiveCfg = Release|Any CPU
		{4A2850F9-8244-418B-9444-166B9AADB1CF}.Release|Any CPU.Build.0 = Release|Any CPU
		{4A2850F9-8244-418B-9444-166B9AADB1CF}.Release|x64.ActiveCfg = Release|Any CPU
		{4A2850F9-8244-418B-9444-166B9AADB1CF}.Release|x64.Build.0 = Release|Any CPU
		{4A2850F9-8244-418B-9444-166B9AADB1CF}.Release|x86.ActiveCfg = Release|Any CPU
		{4A2850F9-8244-418B-9444-166B9AADB1CF}.Release|x86.Build.0 = Release|Any CPU
		{BFEA5BD9-F95C-4DE2-86E8-011FE095F944}.Debug|Any CPU.ActiveCfg = Debug|Any CPU
		{BFEA5BD9-F95C-4DE2-86E8-011FE095F944}.Debug|Any CPU.Build.0 = Debug|Any CPU
		{BFEA5BD9-F95C-4DE2-86E8-011FE095F944}.Debug|x64.ActiveCfg = Debug|Any CPU
		{BFEA5BD9-F95C-4DE2-86E8-011FE095F944}.Debug|x64.Build.0 = Debug|Any CPU
		{BFEA5BD9-F95C-4DE2-86E8-011FE095F944}.Debug|x86.ActiveCfg = Debug|Any CPU
		{BFEA5BD9-F95C-4DE2-86E8-011FE095F944}.Debug|x86.Build.0 = Debug|Any CPU
		{BFEA5BD9-F95C-4DE2-86E8-011FE095F944}.Release|Any CPU.ActiveCfg = Release|Any CPU
		{BFEA5BD9-F95C-4DE2-86E8-011FE095F944}.Release|Any CPU.Build.0 = Release|Any CPU
		{BFEA5BD9-F95C-4DE2-86E8-011FE095F944}.Release|x64.ActiveCfg = Release|Any CPU
		{BFEA5BD9-F95C-4DE2-86E8-011FE095F944}.Release|x64.Build.0 = Release|Any CPU
		{BFEA5BD9-F95C-4DE2-86E8-011FE095F944}.Release|x86.ActiveCfg = Release|Any CPU
		{BFEA5BD9-F95C-4DE2-86E8-011FE095F944}.Release|x86.Build.0 = Release|Any CPU
		{DB3697AE-4250-461C-AD2A-87CB6084D34D}.Debug|Any CPU.ActiveCfg = Debug|Any CPU
		{DB3697AE-4250-461C-AD2A-87CB6084D34D}.Debug|Any CPU.Build.0 = Debug|Any CPU
		{DB3697AE-4250-461C-AD2A-87CB6084D34D}.Debug|x64.ActiveCfg = Debug|Any CPU
		{DB3697AE-4250-461C-AD2A-87CB6084D34D}.Debug|x64.Build.0 = Debug|Any CPU
		{DB3697AE-4250-461C-AD2A-87CB6084D34D}.Debug|x86.ActiveCfg = Debug|Any CPU
		{DB3697AE-4250-461C-AD2A-87CB6084D34D}.Debug|x86.Build.0 = Debug|Any CPU
		{DB3697AE-4250-461C-AD2A-87CB6084D34D}.Release|Any CPU.ActiveCfg = Release|Any CPU
		{DB3697AE-4250-461C-AD2A-87CB6084D34D}.Release|Any CPU.Build.0 = Release|Any CPU
		{DB3697AE-4250-461C-AD2A-87CB6084D34D}.Release|x64.ActiveCfg = Release|Any CPU
		{DB3697AE-4250-461C-AD2A-87CB6084D34D}.Release|x64.Build.0 = Release|Any CPU
		{DB3697AE-4250-461C-AD2A-87CB6084D34D}.Release|x86.ActiveCfg = Release|Any CPU
		{DB3697AE-4250-461C-AD2A-87CB6084D34D}.Release|x86.Build.0 = Release|Any CPU
		{60AC7420-0297-4EB2-B944-567944999065}.Debug|Any CPU.ActiveCfg = Debug|Any CPU
		{60AC7420-0297-4EB2-B944-567944999065}.Debug|Any CPU.Build.0 = Debug|Any CPU
		{60AC7420-0297-4EB2-B944-567944999065}.Debug|x64.ActiveCfg = Debug|Any CPU
		{60AC7420-0297-4EB2-B944-567944999065}.Debug|x64.Build.0 = Debug|Any CPU
		{60AC7420-0297-4EB2-B944-567944999065}.Debug|x86.ActiveCfg = Debug|Any CPU
		{60AC7420-0297-4EB2-B944-567944999065}.Debug|x86.Build.0 = Debug|Any CPU
		{60AC7420-0297-4EB2-B944-567944999065}.Release|Any CPU.ActiveCfg = Release|Any CPU
		{60AC7420-0297-4EB2-B944-567944999065}.Release|Any CPU.Build.0 = Release|Any CPU
		{60AC7420-0297-4EB2-B944-567944999065}.Release|x64.ActiveCfg = Release|Any CPU
		{60AC7420-0297-4EB2-B944-567944999065}.Release|x64.Build.0 = Release|Any CPU
		{60AC7420-0297-4EB2-B944-567944999065}.Release|x86.ActiveCfg = Release|Any CPU
		{60AC7420-0297-4EB2-B944-567944999065}.Release|x86.Build.0 = Release|Any CPU
		{2B3A4346-F33F-4E84-AA4B-B8644DBABBB0}.Debug|Any CPU.ActiveCfg = Debug|Any CPU
		{2B3A4346-F33F-4E84-AA4B-B8644DBABBB0}.Debug|Any CPU.Build.0 = Debug|Any CPU
		{2B3A4346-F33F-4E84-AA4B-B8644DBABBB0}.Debug|x64.ActiveCfg = Debug|Any CPU
		{2B3A4346-F33F-4E84-AA4B-B8644DBABBB0}.Debug|x64.Build.0 = Debug|Any CPU
		{2B3A4346-F33F-4E84-AA4B-B8644DBABBB0}.Debug|x86.ActiveCfg = Debug|Any CPU
		{2B3A4346-F33F-4E84-AA4B-B8644DBABBB0}.Debug|x86.Build.0 = Debug|Any CPU
		{2B3A4346-F33F-4E84-AA4B-B8644DBABBB0}.Release|Any CPU.ActiveCfg = Release|Any CPU
		{2B3A4346-F33F-4E84-AA4B-B8644DBABBB0}.Release|Any CPU.Build.0 = Release|Any CPU
		{2B3A4346-F33F-4E84-AA4B-B8644DBABBB0}.Release|x64.ActiveCfg = Release|Any CPU
		{2B3A4346-F33F-4E84-AA4B-B8644DBABBB0}.Release|x64.Build.0 = Release|Any CPU
		{2B3A4346-F33F-4E84-AA4B-B8644DBABBB0}.Release|x86.ActiveCfg = Release|Any CPU
		{2B3A4346-F33F-4E84-AA4B-B8644DBABBB0}.Release|x86.Build.0 = Release|Any CPU
		{B2525B7C-770C-46C3-9758-94A0B3649CE0}.Debug|Any CPU.ActiveCfg = Debug|Any CPU
		{B2525B7C-770C-46C3-9758-94A0B3649CE0}.Debug|Any CPU.Build.0 = Debug|Any CPU
		{B2525B7C-770C-46C3-9758-94A0B3649CE0}.Debug|x64.ActiveCfg = Debug|Any CPU
		{B2525B7C-770C-46C3-9758-94A0B3649CE0}.Debug|x64.Build.0 = Debug|Any CPU
		{B2525B7C-770C-46C3-9758-94A0B3649CE0}.Debug|x86.ActiveCfg = Debug|Any CPU
		{B2525B7C-770C-46C3-9758-94A0B3649CE0}.Debug|x86.Build.0 = Debug|Any CPU
		{B2525B7C-770C-46C3-9758-94A0B3649CE0}.Release|Any CPU.ActiveCfg = Release|Any CPU
		{B2525B7C-770C-46C3-9758-94A0B3649CE0}.Release|Any CPU.Build.0 = Release|Any CPU
		{B2525B7C-770C-46C3-9758-94A0B3649CE0}.Release|x64.ActiveCfg = Release|Any CPU
		{B2525B7C-770C-46C3-9758-94A0B3649CE0}.Release|x64.Build.0 = Release|Any CPU
		{B2525B7C-770C-46C3-9758-94A0B3649CE0}.Release|x86.ActiveCfg = Release|Any CPU
		{B2525B7C-770C-46C3-9758-94A0B3649CE0}.Release|x86.Build.0 = Release|Any CPU
		{86B94D4D-37DF-4712-963E-0E9B2FE8F849}.Debug|Any CPU.ActiveCfg = Debug|x64
		{86B94D4D-37DF-4712-963E-0E9B2FE8F849}.Debug|Any CPU.Build.0 = Debug|x64
		{86B94D4D-37DF-4712-963E-0E9B2FE8F849}.Debug|x64.ActiveCfg = Debug|x64
		{86B94D4D-37DF-4712-963E-0E9B2FE8F849}.Debug|x64.Build.0 = Debug|x64
		{86B94D4D-37DF-4712-963E-0E9B2FE8F849}.Debug|x86.ActiveCfg = Debug|Win32
		{86B94D4D-37DF-4712-963E-0E9B2FE8F849}.Debug|x86.Build.0 = Debug|Win32
		{86B94D4D-37DF-4712-963E-0E9B2FE8F849}.Release|Any CPU.ActiveCfg = Release|x64
		{86B94D4D-37DF-4712-963E-0E9B2FE8F849}.Release|Any CPU.Build.0 = Release|x64
		{86B94D4D-37DF-4712-963E-0E9B2FE8F849}.Release|x64.ActiveCfg = Release|x64
		{86B94D4D-37DF-4712-963E-0E9B2FE8F849}.Release|x64.Build.0 = Release|x64
		{86B94D4D-37DF-4712-963E-0E9B2FE8F849}.Release|x86.ActiveCfg = Release|Win32
		{86B94D4D-37DF-4712-963E-0E9B2FE8F849}.Release|x86.Build.0 = Release|Win32
		{03243BF8-85FA-4896-91EC-AA60A6DE5879}.Debug|Any CPU.ActiveCfg = Debug|Any CPU
		{03243BF8-85FA-4896-91EC-AA60A6DE5879}.Debug|Any CPU.Build.0 = Debug|Any CPU
		{03243BF8-85FA-4896-91EC-AA60A6DE5879}.Debug|x64.ActiveCfg = Debug|Any CPU
		{03243BF8-85FA-4896-91EC-AA60A6DE5879}.Debug|x64.Build.0 = Debug|Any CPU
		{03243BF8-85FA-4896-91EC-AA60A6DE5879}.Debug|x86.ActiveCfg = Debug|Any CPU
		{03243BF8-85FA-4896-91EC-AA60A6DE5879}.Debug|x86.Build.0 = Debug|Any CPU
		{03243BF8-85FA-4896-91EC-AA60A6DE5879}.Release|Any CPU.ActiveCfg = Release|Any CPU
		{03243BF8-85FA-4896-91EC-AA60A6DE5879}.Release|Any CPU.Build.0 = Release|Any CPU
		{03243BF8-85FA-4896-91EC-AA60A6DE5879}.Release|x64.ActiveCfg = Release|Any CPU
		{03243BF8-85FA-4896-91EC-AA60A6DE5879}.Release|x64.Build.0 = Release|Any CPU
		{03243BF8-85FA-4896-91EC-AA60A6DE5879}.Release|x86.ActiveCfg = Release|Any CPU
		{03243BF8-85FA-4896-91EC-AA60A6DE5879}.Release|x86.Build.0 = Release|Any CPU
		{1EB6227B-A65D-4A30-BEDA-07CEE7EEA2DB}.Debug|Any CPU.ActiveCfg = Debug|Any CPU
		{1EB6227B-A65D-4A30-BEDA-07CEE7EEA2DB}.Debug|Any CPU.Build.0 = Debug|Any CPU
		{1EB6227B-A65D-4A30-BEDA-07CEE7EEA2DB}.Debug|x64.ActiveCfg = Debug|Any CPU
		{1EB6227B-A65D-4A30-BEDA-07CEE7EEA2DB}.Debug|x64.Build.0 = Debug|Any CPU
		{1EB6227B-A65D-4A30-BEDA-07CEE7EEA2DB}.Debug|x86.ActiveCfg = Debug|Any CPU
		{1EB6227B-A65D-4A30-BEDA-07CEE7EEA2DB}.Debug|x86.Build.0 = Debug|Any CPU
		{1EB6227B-A65D-4A30-BEDA-07CEE7EEA2DB}.Release|Any CPU.ActiveCfg = Release|Any CPU
		{1EB6227B-A65D-4A30-BEDA-07CEE7EEA2DB}.Release|Any CPU.Build.0 = Release|Any CPU
		{1EB6227B-A65D-4A30-BEDA-07CEE7EEA2DB}.Release|x64.ActiveCfg = Release|Any CPU
		{1EB6227B-A65D-4A30-BEDA-07CEE7EEA2DB}.Release|x64.Build.0 = Release|Any CPU
		{1EB6227B-A65D-4A30-BEDA-07CEE7EEA2DB}.Release|x86.ActiveCfg = Release|Any CPU
		{1EB6227B-A65D-4A30-BEDA-07CEE7EEA2DB}.Release|x86.Build.0 = Release|Any CPU
		{D1E6F34B-93DB-434F-B895-F9DB4D3EBBB5}.Debug|Any CPU.ActiveCfg = Debug|x64
		{D1E6F34B-93DB-434F-B895-F9DB4D3EBBB5}.Debug|Any CPU.Build.0 = Debug|x64
		{D1E6F34B-93DB-434F-B895-F9DB4D3EBBB5}.Debug|x64.ActiveCfg = Debug|x64
		{D1E6F34B-93DB-434F-B895-F9DB4D3EBBB5}.Debug|x64.Build.0 = Debug|x64
		{D1E6F34B-93DB-434F-B895-F9DB4D3EBBB5}.Debug|x86.ActiveCfg = Debug|Win32
		{D1E6F34B-93DB-434F-B895-F9DB4D3EBBB5}.Debug|x86.Build.0 = Debug|Win32
		{D1E6F34B-93DB-434F-B895-F9DB4D3EBBB5}.Release|Any CPU.ActiveCfg = Release|x64
		{D1E6F34B-93DB-434F-B895-F9DB4D3EBBB5}.Release|Any CPU.Build.0 = Release|x64
		{D1E6F34B-93DB-434F-B895-F9DB4D3EBBB5}.Release|x64.ActiveCfg = Release|x64
		{D1E6F34B-93DB-434F-B895-F9DB4D3EBBB5}.Release|x64.Build.0 = Release|x64
		{D1E6F34B-93DB-434F-B895-F9DB4D3EBBB5}.Release|x86.ActiveCfg = Release|Win32
		{D1E6F34B-93DB-434F-B895-F9DB4D3EBBB5}.Release|x86.Build.0 = Release|Win32
		{6AD94DB8-0A7E-4921-ABB4-D0370E9B51D8}.Debug|Any CPU.ActiveCfg = Debug|Any CPU
		{6AD94DB8-0A7E-4921-ABB4-D0370E9B51D8}.Debug|Any CPU.Build.0 = Debug|Any CPU
		{6AD94DB8-0A7E-4921-ABB4-D0370E9B51D8}.Debug|x64.ActiveCfg = Debug|Any CPU
		{6AD94DB8-0A7E-4921-ABB4-D0370E9B51D8}.Debug|x64.Build.0 = Debug|Any CPU
		{6AD94DB8-0A7E-4921-ABB4-D0370E9B51D8}.Debug|x86.ActiveCfg = Debug|Any CPU
		{6AD94DB8-0A7E-4921-ABB4-D0370E9B51D8}.Debug|x86.Build.0 = Debug|Any CPU
		{6AD94DB8-0A7E-4921-ABB4-D0370E9B51D8}.Release|Any CPU.ActiveCfg = Release|Any CPU
		{6AD94DB8-0A7E-4921-ABB4-D0370E9B51D8}.Release|Any CPU.Build.0 = Release|Any CPU
		{6AD94DB8-0A7E-4921-ABB4-D0370E9B51D8}.Release|x64.ActiveCfg = Release|Any CPU
		{6AD94DB8-0A7E-4921-ABB4-D0370E9B51D8}.Release|x64.Build.0 = Release|Any CPU
		{6AD94DB8-0A7E-4921-ABB4-D0370E9B51D8}.Release|x86.ActiveCfg = Release|Any CPU
		{6AD94DB8-0A7E-4921-ABB4-D0370E9B51D8}.Release|x86.Build.0 = Release|Any CPU
		{678B3D14-D82A-4B6E-B612-D712A0C21100}.Debug|Any CPU.ActiveCfg = Debug|x64
		{678B3D14-D82A-4B6E-B612-D712A0C21100}.Debug|Any CPU.Build.0 = Debug|x64
		{678B3D14-D82A-4B6E-B612-D712A0C21100}.Debug|x64.ActiveCfg = Debug|x64
		{678B3D14-D82A-4B6E-B612-D712A0C21100}.Debug|x64.Build.0 = Debug|x64
		{678B3D14-D82A-4B6E-B612-D712A0C21100}.Debug|x86.ActiveCfg = Debug|Win32
		{678B3D14-D82A-4B6E-B612-D712A0C21100}.Debug|x86.Build.0 = Debug|Win32
		{678B3D14-D82A-4B6E-B612-D712A0C21100}.Release|Any CPU.ActiveCfg = Release|x64
		{678B3D14-D82A-4B6E-B612-D712A0C21100}.Release|Any CPU.Build.0 = Release|x64
		{678B3D14-D82A-4B6E-B612-D712A0C21100}.Release|x64.ActiveCfg = Release|x64
		{678B3D14-D82A-4B6E-B612-D712A0C21100}.Release|x64.Build.0 = Release|x64
		{678B3D14-D82A-4B6E-B612-D712A0C21100}.Release|x86.ActiveCfg = Release|Win32
		{678B3D14-D82A-4B6E-B612-D712A0C21100}.Release|x86.Build.0 = Release|Win32
	EndGlobalSection
	GlobalSection(SolutionProperties) = preSolution
		HideSolutionNode = FALSE
	EndGlobalSection
	GlobalSection(ExtensibilityGlobals) = postSolution
		SolutionGuid = {41A51326-5722-4846-AE43-D561978E8217}
	EndGlobalSection
EndGlobal
